{
	"name": "pg-int8",
	"version": "1.0.1",
	"lockfileVersion": 1,
	"requires": true,
	"dependencies": {
		"@charmander/eslint-config-base": {
			"version": "1.0.2",
			"resolved": "https://registry.npmjs.org/@charmander/eslint-config-base/-/eslint-config-base-1.0.2.tgz",
			"integrity": "sha512-Jc740gOiNqUvv5fBzyPiPCUlBVWArO0Qj2nD4THD258cjF8zevVnlO+pnQu50qgEF5RDJCebZ/yU1ssqbdDH6w==",
			"dev": true
		}
	}
}
